// !$*UTF8*$!
{
	archiveVersion = 1;
	classes = {
	};
	objectVersion = 48;
	objects = {

/* Begin PBXBuildFile section */
		7F2C8C7521FA51A800A5C01D /* AppDelegate.swift in Sources */ = {isa = PBXBuildFile; fileRef = 7F2C8C7421FA51A800A5C01D /* AppDelegate.swift */; };
		7F2C8C7721FA51A800A5C01D /* ViewController.swift in Sources */ = {isa = PBXBuildFile; fileRef = 7F2C8C7621FA51A800A5C01D /* ViewController.swift */; };
		7F2C8C7A21FA51A800A5C01D /* Main.storyboard in Resources */ = {isa = PBXBuildFile; fileRef = 7F2C8C7821FA51A800A5C01D /* Main.storyboard */; };
		7F2C8C7C21FA51A800A5C01D /* Assets.xcassets in Resources */ = {isa = PBXBuildFile; fileRef = 7F2C8C7B21FA51A800A5C01D /* Assets.xcassets */; };
		7F2C8C7F21FA51A800A5C01D /* LaunchScreen.storyboard in Resources */ = {isa = PBXBuildFile; fileRef = 7F2C8C7D21FA51A800A5C01D /* LaunchScreen.storyboard */; };
		7F2C8C8A21FA51A900A5C01D /* HackwichTwoTests.swift in Sources */ = {isa = PBXBuildFile; fileRef = 7F2C8C8921FA51A900A5C01D /* HackwichTwoTests.swift */; };
		7F2C8C9521FA51A900A5C01D /* HackwichTwoUITests.swift in Sources */ = {isa = PBXBuildFile; fileRef = 7F2C8C9421FA51A900A5C01D /* HackwichTwoUITests.swift */; };
/* End PBXBuildFile section */

/* Begin PBXContainerItemProxy section */
		7F2C8C8621FA51A800A5C01D /* PBXContainerItemProxy */ = {
			isa = PBXContainerItemProxy;
			containerPortal = 7F2C8C6921FA51A800A5C01D /* Project object */;
			proxyType = 1;
			remoteGlobalIDString = 7F2C8C7021FA51A800A5C01D;
			remoteInfo = HackwichTwo;
		};
		7F2C8C9121FA51A900A5C01D /* PBXContainerItemProxy */ = {
			isa = PBXContainerItemProxy;
			containerPortal = 7F2C8C6921FA51A800A5C01D /* Project object */;
			proxyType = 1;
			remoteGlobalIDString = 7F2C8C7021FA51A800A5C01D;
			remoteInfo = HackwichTwo;
		};
/* End PBXContainerItemProxy section */

/* Begin PBXFileReference section */
		7F2C8C7121FA51A800A5C01D /* HackwichTwo.app */ = {isa = PBXFileReference; explicitFileType = wrapper.application; includeInIndex = 0; path = HackwichTwo.app; sourceTree = BUILT_PRODUCTS_DIR; };
		7F2C8C7421FA51A800A5C01D /* AppDelegate.swift */ = {isa = PBXFileReference; lastKnownFileType = sourcecode.swift; path = AppDelegate.swift; sourceTree = "<group>"; };
		7F2C8C7621FA51A800A5C01D /* ViewController.swift */ = {isa = PBXFileReference; lastKnownFileType = sourcecode.swift; path = ViewController.swift; sourceTree = "<group>"; };
		7F2C8C7921FA51A800A5C01D /* Base */ = {isa = PBXFileReference; lastKnownFileType = file.storyboard; name = Base; path = Base.lproj/Main.storyboard; sourceTree = "<group>"; };
		7F2C8C7B21FA51A800A5C01D /* Assets.xcassets */ = {isa = PBXFileReference; lastKnownFileType = folder.assetcatalog; path = Assets.xcassets; sourceTree = "<group>"; };
		7F2C8C7E21FA51A800A5C01D /* Base */ = {isa = PBXFileReference; lastKnownFileType = file.storyboard; name = Base; path = Base.lproj/LaunchScreen.storyboard; sourceTree = "<group>"; };
		7F2C8C8021FA51A800A5C01D /* Info.plist */ = {isa = PBXFileReference; lastKnownFileType = text.plist.xml; path = Info.plist; sourceTree = "<group>"; };
		7F2C8C8521FA51A800A5C01D /* HackwichTwoTests.xctest */ = {isa = PBXFileReference; explicitFileType = wrapper.cfbundle; includeInIndex = 0; path = HackwichTwoTests.xctest; sourceTree = BUILT_PRODUCTS_DIR; };
		7F2C8C8921FA51A900A5C01D /* HackwichTwoTests.swift */ = {isa = PBXFileReference; lastKnownFileType = sourcecode.swift; path = HackwichTwoTests.swift; sourceTree = "<group>"; };
		7F2C8C8B21FA51A900A5C01D /* Info.plist */ = {isa = PBXFileReference; lastKnownFileType = text.plist.xml; path = Info.plist; sourceTree = "<group>"; };
		7F2C8C9021FA51A900A5C01D /* HackwichTwoUITests.xctest */ = {isa = PBXFileReference; explicitFileType = wrapper.cfbundle; includeInIndex = 0; path = HackwichTwoUITests.xctest; sourceTree = BUILT_PRODUCTS_DIR; };
		7F2C8C9421FA51A900A5C01D /* HackwichTwoUITests.swift */ = {isa = PBXFileReference; lastKnownFileType = sourcecode.swift; path = HackwichTwoUITests.swift; sourceTree = "<group>"; };
		7F2C8C9621FA51A900A5C01D /* Info.plist */ = {isa = PBXFileReference; lastKnownFileType = text.plist.xml; path = Info.plist; sourceTree = "<group>"; };
/* End PBXFileReference section */

/* Begin PBXFrameworksBuildPhase section */
		7F2C8C6E21FA51A800A5C01D /* Frameworks */ = {
			isa = PBXFrameworksBuildPhase;
			buildActionMask = 2147483647;
			files = (
			);
			runOnlyForDeploymentPostprocessing = 0;
		};
		7F2C8C8221FA51A800A5C01D /* Frameworks */ = {
			isa = PBXFrameworksBuildPhase;
			buildActionMask = 2147483647;
			files = (
			);
			runOnlyForDeploymentPostprocessing = 0;
		};
		7F2C8C8D21FA51A900A5C01D /* Frameworks */ = {
			isa = PBXFrameworksBuildPhase;
			buildActionMask = 2147483647;
			files = (
			);
			runOnlyForDeploymentPostprocessing = 0;
		};
/* End PBXFrameworksBuildPhase section */

/* Begin PBXGroup section */
		7F2C8C6821FA51A800A5C01D = {
			isa = PBXGroup;
			children = (
				7F2C8C7321FA51A800A5C01D /* HackwichTwo */,
				7F2C8C8821FA51A800A5C01D /* HackwichTwoTests */,
				7F2C8C9321FA51A900A5C01D /* HackwichTwoUITests */,
				7F2C8C7221FA51A800A5C01D /* Products */,
			);
			sourceTree = "<group>";
		};
		7F2C8C7221FA51A800A5C01D /* Products */ = {
			isa = PBXGroup;
			children = (
				7F2C8C7121FA51A800A5C01D /* HackwichTwo.app */,
				7F2C8C8521FA51A800A5C01D /* HackwichTwoTests.xctest */,
				7F2C8C9021FA51A900A5C01D /* HackwichTwoUITests.xctest */,
			);
			name = Products;
			sourceTree = "<group>";
		};
		7F2C8C7321FA51A800A5C01D /* HackwichTwo */ = {
			isa = PBXGroup;
			children = (
				7F2C8C7421FA51A800A5C01D /* AppDelegate.swift */,
				7F2C8C7621FA51A800A5C01D /* ViewController.swift */,
				7F2C8C7821FA51A800A5C01D /* Main.storyboard */,
				7F2C8C7B21FA51A800A5C01D /* Assets.xcassets */,
				7F2C8C7D21FA51A800A5C01D /* LaunchScreen.storyboard */,
				7F2C8C8021FA51A800A5C01D /* Info.plist */,
			);
			path = HackwichTwo;
			sourceTree = "<group>";
		};
		7F2C8C8821FA51A800A5C01D /* HackwichTwoTests */ = {
			isa = PBXGroup;
			children = (
				7F2C8C8921FA51A900A5C01D /* HackwichTwoTests.swift */,
				7F2C8C8B21FA51A900A5C01D /* Info.plist */,
			);
			path = HackwichTwoTests;
			sourceTree = "<group>";
		};
		7F2C8C9321FA51A900A5C01D /* HackwichTwoUITests */ = {
			isa = PBXGroup;
			children = (
				7F2C8C9421FA51A900A5C01D /* HackwichTwoUITests.swift */,
				7F2C8C9621FA51A900A5C01D /* Info.plist */,
			);
			path = HackwichTwoUITests;
			sourceTree = "<group>";
		};
/* End PBXGroup section */

/* Begin PBXNativeTarget section */
		7F2C8C7021FA51A800A5C01D /* HackwichTwo */ = {
			isa = PBXNativeTarget;
			buildConfigurationList = 7F2C8C9921FA51A900A5C01D /* Build configuration list for PBXNativeTarget "HackwichTwo" */;
			buildPhases = (
				7F2C8C6D21FA51A800A5C01D /* Sources */,
				7F2C8C6E21FA51A800A5C01D /* Frameworks */,
				7F2C8C6F21FA51A800A5C01D /* Resources */,
			);
			buildRules = (
			);
			dependencies = (
			);
			name = HackwichTwo;
			productName = HackwichTwo;
			productReference = 7F2C8C7121FA51A800A5C01D /* HackwichTwo.app */;
			productType = "com.apple.product-type.application";
		};
		7F2C8C8421FA51A800A5C01D /* HackwichTwoTests */ = {
			isa = PBXNativeTarget;
			buildConfigurationList = 7F2C8C9C21FA51A900A5C01D /* Build configuration list for PBXNativeTarget "HackwichTwoTests" */;
			buildPhases = (
				7F2C8C8121FA51A800A5C01D /* Sources */,
				7F2C8C8221FA51A800A5C01D /* Frameworks */,
				7F2C8C8321FA51A800A5C01D /* Resources */,
			);
			buildRules = (
			);
			dependencies = (
				7F2C8C8721FA51A800A5C01D /* PBXTargetDependency */,
			);
			name = HackwichTwoTests;
			productName = HackwichTwoTests;
			productReference = 7F2C8C8521FA51A800A5C01D /* HackwichTwoTests.xctest */;
			productType = "com.apple.product-type.bundle.unit-test";
		};
		7F2C8C8F21FA51A900A5C01D /* HackwichTwoUITests */ = {
			isa = PBXNativeTarget;
			buildConfigurationList = 7F2C8C9F21FA51A900A5C01D /* Build configuration list for PBXNativeTarget "HackwichTwoUITests" */;
			buildPhases = (
				7F2C8C8C21FA51A900A5C01D /* Sources */,
				7F2C8C8D21FA51A900A5C01D /* Frameworks */,
				7F2C8C8E21FA51A900A5C01D /* Resources */,
			);
			buildRules = (
			);
			dependencies = (
				7F2C8C9221FA51A900A5C01D /* PBXTargetDependency */,
			);
			name = HackwichTwoUITests;
			productName = HackwichTwoUITests;
			productReference = 7F2C8C9021FA51A900A5C01D /* HackwichTwoUITests.xctest */;
			productType = "com.apple.product-type.bundle.ui-testing";
		};
/* End PBXNativeTarget section */

/* Begin PBXProject section */
		7F2C8C6921FA51A800A5C01D /* Project object */ = {
			isa = PBXProject;
			attributes = {
				LastSwiftUpdateCheck = 0920;
				LastUpgradeCheck = 0920;
				ORGANIZATIONNAME = UHwo;
				TargetAttributes = {
					7F2C8C7021FA51A800A5C01D = {
						CreatedOnToolsVersion = 9.2;
						ProvisioningStyle = Automatic;
					};
					7F2C8C8421FA51A800A5C01D = {
						CreatedOnToolsVersion = 9.2;
						ProvisioningStyle = Automatic;
						TestTargetID = 7F2C8C7021FA51A800A5C01D;
					};
					7F2C8C8F21FA51A900A5C01D = {
						CreatedOnToolsVersion = 9.2;
						ProvisioningStyle = Automatic;
						TestTargetID = 7F2C8C7021FA51A800A5C01D;
					};
				};
			};
			buildConfigurationList = 7F2C8C6C21FA51A800A5C01D /* Build configuration list for PBXProject "HackwichTwo" */;
			compatibilityVersion = "Xcode 8.0";
			developmentRegion = en;
			hasScannedForEncodings = 0;
			knownRegions = (
				en,
				Base,
			);
			mainGroup = 7F2C8C6821FA51A800A5C01D;
			productRefGroup = 7F2C8C7221FA51A800A5C01D /* Products */;
			projectDirPath = "";
			projectRoot = "";
			targets = (
				7F2C8C7021FA51A800A5C01D /* HackwichTwo */,
				7F2C8C8421FA51A800A5C01D /* HackwichTwoTests */,
				7F2C8C8F21FA51A900A5C01D /* HackwichTwoUITests */,
			);
		};
/* End PBXProject section */

/* Begin PBXResourcesBuildPhase section */
		7F2C8C6F21FA51A800A5C01D /* Resources */ = {
			isa = PBXResourcesBuildPhase;
			buildActionMask = 2147483647;
			files = (
				7F2C8C7F21FA51A800A5C01D /* LaunchScreen.storyboard in Resources */,
				7F2C8C7C21FA51A800A5C01D /* Assets.xcassets in Resources */,
				7F2C8C7A21FA51A800A5C01D /* Main.storyboard in Resources */,
			);
			runOnlyForDeploymentPostprocessing = 0;
		};
		7F2C8C8321FA51A800A5C01D /* Resources */ = {
			isa = PBXResourcesBuildPhase;
			buildActionMask = 2147483647;
			files = (
			);
			runOnlyForDeploymentPostprocessing = 0;
		};
		7F2C8C8E21FA51A900A5C01D /* Resources */ = {
			isa = PBXResourcesBuildPhase;
			buildActionMask = 2147483647;
			files = (
			);
			runOnlyForDeploymentPostprocessing = 0;
		};
/* End PBXResourcesBuildPhase section */

/* Begin PBXSourcesBuildPhase section */
		7F2C8C6D21FA51A800A5C01D /* Sources */ = {
			isa = PBXSourcesBuildPhase;
			buildActionMask = 2147483647;
			files = (
				7F2C8C7721FA51A800A5C01D /* ViewController.swift in Sources */,
				7F2C8C7521FA51A800A5C01D /* AppDelegate.swift in Sources */,
			);
			runOnlyForDeploymentPostprocessing = 0;
		};
		7F2C8C8121FA51A800A5C01D /* Sources */ = {
			isa = PBXSourcesBuildPhase;
			buildActionMask = 2147483647;
			files = (
				7F2C8C8A21FA51A900A5C01D /* HackwichTwoTests.swift in Sources */,
			);
			runOnlyForDeploymentPostprocessing = 0;
		};
		7F2C8C8C21FA51A900A5C01D /* Sources */ = {
			isa = PBXSourcesBuildPhase;
			buildActionMask = 2147483647;
			files = (
				7F2C8C9521FA51A900A5C01D /* HackwichTwoUITests.swift in Sources */,
			);
			runOnlyForDeploymentPostprocessing = 0;
		};
/* End PBXSourcesBuildPhase section */

/* Begin PBXTargetDependency section */
		7F2C8C8721FA51A800A5C01D /* PBXTargetDependency */ = {
			isa = PBXTargetDependency;
			target = 7F2C8C7021FA51A800A5C01D /* HackwichTwo */;
			targetProxy = 7F2C8C8621FA51A800A5C01D /* PBXContainerItemProxy */;
		};
		7F2C8C9221FA51A900A5C01D /* PBXTargetDependency */ = {
			isa = PBXTargetDependency;
			target = 7F2C8C7021FA51A800A5C01D /* HackwichTwo */;
			targetProxy = 7F2C8C9121FA51A900A5C01D /* PBXContainerItemProxy */;
		};
/* End PBXTargetDependency section */

/* Begin PBXVariantGroup section */
		7F2C8C7821FA51A800A5C01D /* Main.storyboard */ = {
			isa = PBXVariantGroup;
			children = (
				7F2C8C7921FA51A800A5C01D /* Base */,
			);
			name = Main.storyboard;
			sourceTree = "<group>";
		};
		7F2C8C7D21FA51A800A5C01D /* LaunchScreen.storyboard */ = {
			isa = PBXVariantGroup;
			children = (
				7F2C8C7E21FA51A800A5C01D /* Base */,
			);
			name = LaunchScreen.storyboard;
			sourceTree = "<group>";
		};
/* End PBXVariantGroup section */

/* Begin XCBuildConfiguration section */
		7F2C8C9721FA51A900A5C01D /* Debug */ = {
			isa = XCBuildConfiguration;
			buildSettings = {
				ALWAYS_SEARCH_USER_PATHS = NO;
				CLANG_ANALYZER_NONNULL = YES;
				CLANG_ANALYZER_NUMBER_OBJECT_CONVERSION = YES_AGGRESSIVE;
				CLANG_CXX_LANGUAGE_STANDARD = "gnu++14";
				CLANG_CXX_LIBRARY = "libc++";
				CLANG_ENABLE_MODULES = YES;
				CLANG_ENABLE_OBJC_ARC = YES;
				CLANG_WARN_BLOCK_CAPTURE_AUTORELEASING = YES;
				CLANG_WARN_BOOL_CONVERSION = YES;
				CLANG_WARN_COMMA = YES;
				CLANG_WARN_CONSTANT_CONVERSION = YES;
				CLANG_WARN_DIRECT_OBJC_ISA_USAGE = YES_ERROR;
				CLANG_WARN_DOCUMENTATION_COMMENTS = YES;
				CLANG_WARN_EMPTY_BODY = YES;
				CLANG_WARN_ENUM_CONVERSION = YES;
				CLANG_WARN_INFINITE_RECURSION = YES;
				CLANG_WARN_INT_CONVERSION = YES;
				CLANG_WARN_NON_LITERAL_NULL_CONVERSION = YES;
				CLANG_WARN_OBJC_LITERAL_CONVERSION = YES;
				CLANG_WARN_OBJC_ROOT_CLASS = YES_ERROR;
				CLANG_WARN_RANGE_LOOP_ANALYSIS = YES;
				CLANG_WARN_STRICT_PROTOTYPES = YES;
				CLANG_WARN_SUSPICIOUS_MOVE = YES;
				CLANG_WARN_UNGUARDED_AVAILABILITY = YES_AGGRESSIVE;
				CLANG_WARN_UNREACHABLE_CODE = YES;
				CLANG_WARN__DUPLICATE_METHOD_MATCH = YES;
				CODE_SIGN_IDENTITY = "iPhone Developer";
				COPY_PHASE_STRIP = NO;
				DEBUG_INFORMATION_FORMAT = dwarf;
				ENABLE_STRICT_OBJC_MSGSEND = YES;
				ENABLE_TESTABILITY = YES;
				GCC_C_LANGUAGE_STANDARD = gnu11;
				GCC_DYNAMIC_NO_PIC = NO;
				GCC_NO_COMMON_BLOCKS = YES;
				GCC_OPTIMIZATION_LEVEL = 0;
				GCC_PREPROCESSOR_DEFINITIONS = (
					"DEBUG=1",
					"$(inherited)",
				);
				GCC_WARN_64_TO_32_BIT_CONVERSION = YES;
				GCC_WARN_ABOUT_RETURN_TYPE = YES_ERROR;
				GCC_WARN_UNDECLARED_SELECTOR = YES;
				GCC_WARN_UNINITIALIZED_AUTOS = YES_AGGRESSIVE;
				GCC_WARN_UNUSED_FUNCTION = YES;
				GCC_WARN_UNUSED_VARIABLE = YES;
				IPHONEOS_DEPLOYMENT_TARGET = 11.2;
				MTL_ENABLE_DEBUG_INFO = YES;
				ONLY_ACTIVE_ARCH = YES;
				SDKROOT = iphoneos;
				SWIFT_ACTIVE_COMPILATION_CONDITIONS = DEBUG;
				SWIFT_OPTIMIZATION_LEVEL = "-Onone";
			};
			name = Debug;
		};
		7F2C8C9821FA51A900A5C01D /* Release */ = {
			isa = XCBuildConfiguration;
			buildSettings = {
				ALWAYS_SEARCH_USER_PATHS = NO;
				CLANG_ANALYZER_NONNULL = YES;
				CLANG_ANALYZER_NUMBER_OBJECT_CONVERSION = YES_AGGRESSIVE;
				CLANG_CXX_LANGUAGE_STANDARD = "gnu++14";
				CLANG_CXX_LIBRARY = "libc++";
				CLANG_ENABLE_MODULES = YES;
				CLANG_ENABLE_OBJC_ARC = YES;
				CLANG_WARN_BLOCK_CAPTURE_AUTORELEASING = YES;
				CLANG_WARN_BOOL_CONVERSION = YES;
				CLANG_WARN_COMMA = YES;
				CLANG_WARN_CONSTANT_CONVERSION = YES;
				CLANG_WARN_DIRECT_OBJC_ISA_USAGE = YES_ERROR;
				CLANG_WARN_DOCUMENTATION_COMMENTS = YES;
				CLANG_WARN_EMPTY_BODY = YES;
				CLANG_WARN_ENUM_CONVERSION = YES;
				CLANG_WARN_INFINITE_RECURSION = YES;
				CLANG_WARN_INT_CONVERSION = YES;
				CLANG_WARN_NON_LITERAL_NULL_CONVERSION = YES;
				CLANG_WARN_OBJC_LITERAL_CONVERSION = YES;
				CLANG_WARN_OBJC_ROOT_CLASS = YES_ERROR;
				CLANG_WARN_RANGE_LOOP_ANALYSIS = YES;
				CLANG_WARN_STRICT_PROTOTYPES = YES;
				CLANG_WARN_SUSPICIOUS_MOVE = YES;
				CLANG_WARN_UNGUARDED_AVAILABILITY = YES_AGGRESSIVE;
				CLANG_WARN_UNREACHABLE_CODE = YES;
				CLANG_WARN__DUPLICATE_METHOD_MATCH = YES;
				CODE_SIGN_IDENTITY = "iPhone Developer";
				COPY_PHASE_STRIP = NO;
				DEBUG_INFORMATION_FORMAT = "dwarf-with-dsym";
				ENABLE_NS_ASSERTIONS = NO;
				ENABLE_STRICT_OBJC_MSGSEND = YES;
				GCC_C_LANGUAGE_STANDARD = gnu11;
				GCC_NO_COMMON_BLOCKS = YES;
				GCC_WARN_64_TO_32_BIT_CONVERSION = YES;
				GCC_WARN_ABOUT_RETURN_TYPE = YES_ERROR;
				GCC_WARN_UNDECLARED_SELECTOR = YES;
				GCC_WARN_UNINITIALIZED_AUTOS = YES_AGGRESSIVE;
				GCC_WARN_UNUSED_FUNCTION = YES;
				GCC_WARN_UNUSED_VARIABLE = YES;
				IPHONEOS_DEPLOYMENT_TARGET = 11.2;
				MTL_ENABLE_DEBUG_INFO = NO;
				SDKROOT = iphoneos;
				SWIFT_OPTIMIZATION_LEVEL = "-Owholemodule";
				VALIDATE_PRODUCT = YES;
			};
			name = Release;
		};
		7F2C8C9A21FA51A900A5C01D /* Debug */ = {
			isa = XCBuildConfiguration;
			buildSettings = {
				ASSETCATALOG_COMPILER_APPICON_NAME = AppIcon;
				CODE_SIGN_STYLE = Automatic;
				INFOPLIST_FILE = HackwichTwo/Info.plist;
				LD_RUNPATH_SEARCH_PATHS = "$(inherited) @executable_path/Frameworks";
				PRODUCT_BUNDLE_IDENTIFIER = Tyler.HackwichTwo;
				PRODUCT_NAME = "$(TARGET_NAME)";
				SWIFT_VERSION = 4.0;
				TARGETED_DEVICE_FAMILY = "1,2";
			};
			name = Debug;
		};
		7F2C8C9B21FA51A900A5C01D /* Release */ = {
			isa = XCBuildConfiguration;
			buildSettings = {
				ASSETCATALOG_COMPILER_APPICON_NAME = AppIcon;
				CODE_SIGN_STYLE = Automatic;
				INFOPLIST_FILE = HackwichTwo/Info.plist;
				LD_RUNPATH_SEARCH_PATHS = "$(inherited) @executable_path/Frameworks";
				PRODUCT_BUNDLE_IDENTIFIER = Tyler.HackwichTwo;
				PRODUCT_NAME = "$(TARGET_NAME)";
				SWIFT_VERSION = 4.0;
				TARGETED_DEVICE_FAMILY = "1,2";
			};
			name = Release;
		};
		7F2C8C9D21FA51A900A5C01D /* Debug */ = {
			isa = XCBuildConfiguration;
			buildSettings = {
				ALWAYS_EMBED_SWIFT_STANDARD_LIBRARIES = YES;
				BUNDLE_LOADER = "$(TEST_HOST)";
				CODE_SIGN_STYLE = Automatic;
				INFOPLIST_FILE = HackwichTwoTests/Info.plist;
				LD_RUNPATH_SEARCH_PATHS = "$(inherited) @executable_path/Frameworks @loader_path/Frameworks";
				PRODUCT_BUNDLE_IDENTIFIER = Tyler.HackwichTwoTests;
				PRODUCT_NAME = "$(TARGET_NAME)";
				SWIFT_VERSION = 4.0;
				TARGETED_DEVICE_FAMILY = "1,2";
				TEST_HOST = "$(BUILT_PRODUCTS_DIR)/HackwichTwo.app/HackwichTwo";
			};
			name = Debug;
		};
		7F2C8C9E21FA51A900A5C01D /* Release */ = {
			isa = XCBuildConfiguration;
			buildSettings = {
				ALWAYS_EMBED_SWIFT_STANDARD_LIBRARIES = YES;
				BUNDLE_LOADER = "$(TEST_HOST)";
				CODE_SIGN_STYLE = Automatic;
				INFOPLIST_FILE = HackwichTwoTests/Info.plist;
				LD_RUNPATH_SEARCH_PATHS = "$(inherited) @executable_path/Frameworks @loader_path/Frameworks";
				PRODUCT_BUNDLE_IDENTIFIER = Tyler.HackwichTwoTests;
				PRODUCT_NAME = "$(TARGET_NAME)";
				SWIFT_VERSION = 4.0;
				TARGETED_DEVICE_FAMILY = "1,2";
				TEST_HOST = "$(BUILT_PRODUCTS_DIR)/HackwichTwo.app/HackwichTwo";
			};
			name = Release;
		};
		7F2C8CA021FA51A900A5C01D /* Debug */ = {
			isa = XCBuildConfiguration;
			buildSettings = {
				ALWAYS_EMBED_SWIFT_STANDARD_LIBRARIES = YES;
				CODE_SIGN_STYLE = Automatic;
				INFOPLIST_FILE = HackwichTwoUITests/Info.plist;
				LD_RUNPATH_SEARCH_PATHS = "$(inherited) @executable_path/Frameworks @loader_path/Frameworks";
				PRODUCT_BUNDLE_IDENTIFIER = Tyler.HackwichTwoUITests;
				PRODUCT_NAME = "$(TARGET_NAME)";
				SWIFT_VERSION = 4.0;
				TARGETED_DEVICE_FAMILY = "1,2";
				TEST_TARGET_NAME = HackwichTwo;
			};
			name = Debug;
		};
		7F2C8CA121FA51A900A5C01D /* Release */ = {
			isa = XCBuildConfiguration;
			buildSettings = {
				ALWAYS_EMBED_SWIFT_STANDARD_LIBRARIES = YES;
				CODE_SIGN_STYLE = Automatic;
				INFOPLIST_FILE = HackwichTwoUITests/Info.plist;
				LD_RUNPATH_SEARCH_PATHS = "$(inherited) @executable_path/Frameworks @loader_path/Frameworks";
				PRODUCT_BUNDLE_IDENTIFIER = Tyler.HackwichTwoUITests;
				PRODUCT_NAME = "$(TARGET_NAME)";
				SWIFT_VERSION = 4.0;
				TARGETED_DEVICE_FAMILY = "1,2";
				TEST_TARGET_NAME = HackwichTwo;
			};
			name = Release;
		};
/* End XCBuildConfiguration section */

/* Begin XCConfigurationList section */
		7F2C8C6C21FA51A800A5C01D /* Build configuration list for PBXProject "HackwichTwo" */ = {
			isa = XCConfigurationList;
			buildConfigurations = (
				7F2C8C9721FA51A900A5C01D /* Debug */,
				7F2C8C9821FA51A900A5C01D /* Release */,
			);
			defaultConfigurationIsVisible = 0;
			defaultConfigurationName = Release;
		};
		7F2C8C9921FA51A900A5C01D /* Build configuration list for PBXNativeTarget "HackwichTwo" */ = {
			isa = XCConfigurationList;
			buildConfigurations = (
				7F2C8C9A21FA51A900A5C01D /* Debug */,
				7F2C8C9B21FA51A900A5C01D /* Release */,
			);
			defaultConfigurationIsVisible = 0;
			defaultConfigurationName = Release;
		};
		7F2C8C9C21FA51A900A5C01D /* Build configuration list for PBXNativeTarget "HackwichTwoTests" */ = {
			isa = XCConfigurationList;
			buildConfigurations = (
				7F2C8C9D21FA51A900A5C01D /* Debug */,
				7F2C8C9E21FA51A900A5C01D /* Release */,
			);
			defaultConfigurationIsVisible = 0;
			defaultConfigurationName = Release;
		};
		7F2C8C9F21FA51A900A5C01D /* Build configuration list for PBXNativeTarget "HackwichTwoUITests" */ = {
			isa = XCConfigurationList;
			buildConfigurations = (
				7F2C8CA021FA51A900A5C01D /* Debug */,
				7F2C8CA121FA51A900A5C01D /* Release */,
			);
			defaultConfigurationIsVisible = 0;
			defaultConfigurationName = Release;
		};
/* End XCConfigurationList section */
	};
	rootObject = 7F2C8C6921FA51A800A5C01D /* Project object */;
}
